
Microsoft Visual Studio Solution File, Format Version 12.00
# Visual Studio Version 17
VisualStudioVersion = 17.9.34728.123
MinimumVisualStudioVersion = 10.0.40219.1
Project("{2150E333-8FDC-42A3-9474-1A3956D46DE8}") = "ApiGateways", "ApiGateways", "{481FF117-782B-493B-B787-0CF8EBE2546D}"
EndProject
Project("{9A19103F-16F7-4668-BE54-9A1E7A4F7556}") = "BookShop.ApiGateway", "ApiGateways\BookShop.ApiGateway\BookShop.ApiGateway.csproj", "{F0AFEB12-11CC-4D90-A26B-3181197815C0}"
EndProject
Project("{2150E333-8FDC-42A3-9474-1A3956D46DE8}") = "Services", "Services", "{94F8B987-78E8-4A15-B663-F1B485F64118}"
EndProject
Project("{2150E333-8FDC-42A3-9474-1A3956D46DE8}") = "Cart", "Cart", "{E33ED14F-1245-4C3E-8086-9F237AE7B239}"
EndProject
Project("{9A19103F-16F7-4668-BE54-9A1E7A4F7556}") = "Cart.Api", "Services\Cart\Cart.Api\Cart.Api.csproj", "{C04521F3-8902-43E3-976F-F9D6DFE2DE57}"
EndProject
Project("{2150E333-8FDC-42A3-9474-1A3956D46DE8}") = "Catalog", "Catalog", "{662AC72A-E058-4D10-A898-CC8B56C13065}"
EndProject
Project("{9A19103F-16F7-4668-BE54-9A1E7A4F7556}") = "Catalog.Api", "Services\Catalog\Catalog.Api\Catalog.Api.csproj", "{D50B8007-2465-438E-BE9A-1A01FC5948E2}"
EndProject
Project("{2150E333-8FDC-42A3-9474-1A3956D46DE8}") = "Promotion", "Promotion", "{2C1345F7-326E-4875-9E94-664D84C6CCB3}"
EndProject
Project("{9A19103F-16F7-4668-BE54-9A1E7A4F7556}") = "Promotion.Api", "Services\Promotion\Promotion.Api\Promotion.Api.csproj", "{311E2261-528E-49F4-8720-18DD40155CDF}"
EndProject
Project("{2150E333-8FDC-42A3-9474-1A3956D46DE8}") = "Order", "Order", "{886B23FA-BFDD-43F6-8DD8-348EFD9BC6F3}"
EndProject
Project("{9A19103F-16F7-4668-BE54-9A1E7A4F7556}") = "Order.Api", "Services\Order\Order.Api\Order.Api.csproj", "{BF652E98-0314-4D2E-BE70-20693ABB1BE4}"
EndProject
Global
	GlobalSection(SolutionConfigurationPlatforms) = preSolution
		Debug|Any CPU = Debug|Any CPU
		Release|Any CPU = Release|Any CPU
	EndGlobalSection
	GlobalSection(ProjectConfigurationPlatforms) = postSolution
		{F0AFEB12-11CC-4D90-A26B-3181197815C0}.Debug|Any CPU.ActiveCfg = Debug|Any CPU
		{F0AFEB12-11CC-4D90-A26B-3181197815C0}.Debug|Any CPU.Build.0 = Debug|Any CPU
		{F0AFEB12-11CC-4D90-A26B-3181197815C0}.Release|Any CPU.ActiveCfg = Release|Any CPU
		{F0AFEB12-11CC-4D90-A26B-3181197815C0}.Release|Any CPU.Build.0 = Release|Any CPU
		{C04521F3-8902-43E3-976F-F9D6DFE2DE57}.Debug|Any CPU.ActiveCfg = Debug|Any CPU
		{C04521F3-8902-43E3-976F-F9D6DFE2DE57}.Debug|Any CPU.Build.0 = Debug|Any CPU
		{C04521F3-8902-43E3-976F-F9D6DFE2DE57}.Release|Any CPU.ActiveCfg = Release|Any CPU
		{C04521F3-8902-43E3-976F-F9D6DFE2DE57}.Release|Any CPU.Build.0 = Release|Any CPU
		{D50B8007-2465-438E-BE9A-1A01FC5948E2}.Debug|Any CPU.ActiveCfg = Debug|Any CPU
		{D50B8007-2465-438E-BE9A-1A01FC5948E2}.Debug|Any CPU.Build.0 = Debug|Any CPU
		{D50B8007-2465-438E-BE9A-1A01FC5948E2}.Release|Any CPU.ActiveCfg = Release|Any CPU
		{D50B8007-2465-438E-BE9A-1A01FC5948E2}.Release|Any CPU.Build.0 = Release|Any CPU
		{311E2261-528E-49F4-8720-18DD40155CDF}.Debug|Any CPU.ActiveCfg = Debug|Any CPU
		{311E2261-528E-49F4-8720-18DD40155CDF}.Debug|Any CPU.Build.0 = Debug|Any CPU
		{311E2261-528E-49F4-8720-18DD40155CDF}.Release|Any CPU.ActiveCfg = Release|Any CPU
		{311E2261-528E-49F4-8720-18DD40155CDF}.Release|Any CPU.Build.0 = Release|Any CPU
		{BF652E98-0314-4D2E-BE70-20693ABB1BE4}.Debug|Any CPU.ActiveCfg = Debug|Any CPU
		{BF652E98-0314-4D2E-BE70-20693ABB1BE4}.Debug|Any CPU.Build.0 = Debug|Any CPU
		{BF652E98-0314-4D2E-BE70-20693ABB1BE4}.Release|Any CPU.ActiveCfg = Release|Any CPU
		{BF652E98-0314-4D2E-BE70-20693ABB1BE4}.Release|Any CPU.Build.0 = Release|Any CPU
	EndGlobalSection
	GlobalSection(SolutionProperties) = preSolution
		HideSolutionNode = FALSE
	EndGlobalSection
	GlobalSection(NestedProjects) = preSolution
		{F0AFEB12-11CC-4D90-A26B-3181197815C0} = {481FF117-782B-493B-B787-0CF8EBE2546D}
		{E33ED14F-1245-4C3E-8086-9F237AE7B239} = {94F8B987-78E8-4A15-B663-F1B485F64118}
		{C04521F3-8902-43E3-976F-F9D6DFE2DE57} = {E33ED14F-1245-4C3E-8086-9F237AE7B239}
		{662AC72A-E058-4D10-A898-CC8B56C13065} = {94F8B987-78E8-4A15-B663-F1B485F64118}
		{D50B8007-2465-438E-BE9A-1A01FC5948E2} = {662AC72A-E058-4D10-A898-CC8B56C13065}
		{2C1345F7-326E-4875-9E94-664D84C6CCB3} = {94F8B987-78E8-4A15-B663-F1B485F64118}
		{311E2261-528E-49F4-8720-18DD40155CDF} = {2C1345F7-326E-4875-9E94-664D84C6CCB3}
		{886B23FA-BFDD-43F6-8DD8-348EFD9BC6F3} = {94F8B987-78E8-4A15-B663-F1B485F64118}
		{BF652E98-0314-4D2E-BE70-20693ABB1BE4} = {886B23FA-BFDD-43F6-8DD8-348EFD9BC6F3}
	EndGlobalSection
	GlobalSection(ExtensibilityGlobals) = postSolution
		SolutionGuid = {9C822A8C-32B5-4B87-ABF2-27DE4E7F19F0}
	EndGlobalSection
EndGlobal
